
Microsoft Visual Studio Solution File, Format Version 12.00
# Visual Studio 14
VisualStudioVersion = 14.0.25420.1
MinimumVisualStudioVersion = 10.0.40219.1
Project("{FAE04EC0-301F-11D3-BF4B-00C04F79EFBC}") = "TimeTable", "TimeTable\TimeTable.csproj", "{E8896625-8588-449D-A246-0DA9E04122CE}"
EndProject
Project("{FAE04EC0-301F-11D3-BF4B-00C04F79EFBC}") = "Common", "Common\Common.csproj", "{356921DE-116D-48DB-9613-5D0395420897}"
EndProject
Project("{FAE04EC0-301F-11D3-BF4B-00C04F79EFBC}") = "HighSchool", "HighSchool\HighSchool.csproj", "{5D2CABCC-7165-4519-ADEB-4FC61A835351}"
EndProject
Project("{FAE04EC0-301F-11D3-BF4B-00C04F79EFBC}") = "Domain", "Domain\Domain.csproj", "{8D72DF4E-D904-4353-BBC5-141F3A563C4E}"
EndProject
Project("{FAE04EC0-301F-11D3-BF4B-00C04F79EFBC}") = "DataService", "DataService\DataService.csproj", "{190E41B3-74A8-49F6-92D4-B82A866716BE}"
EndProject
Global
	GlobalSection(SolutionConfigurationPlatforms) = preSolution
		Debug|Any CPU = Debug|Any CPU
		Release|Any CPU = Release|Any CPU
	EndGlobalSection
	GlobalSection(ProjectConfigurationPlatforms) = postSolution
		{E8896625-8588-449D-A246-0DA9E04122CE}.Debug|Any CPU.ActiveCfg = Debug|Any CPU
		{E8896625-8588-449D-A246-0DA9E04122CE}.Debug|Any CPU.Build.0 = Debug|Any CPU
		{E8896625-8588-449D-A246-0DA9E04122CE}.Release|Any CPU.ActiveCfg = Release|Any CPU
		{E8896625-8588-449D-A246-0DA9E04122CE}.Release|Any CPU.Build.0 = Release|Any CPU
		{356921DE-116D-48DB-9613-5D0395420897}.Debug|Any CPU.ActiveCfg = Debug|Any CPU
		{356921DE-116D-48DB-9613-5D0395420897}.Debug|Any CPU.Build.0 = Debug|Any CPU
		{356921DE-116D-48DB-9613-5D0395420897}.Release|Any CPU.ActiveCfg = Release|Any CPU
		{356921DE-116D-48DB-9613-5D0395420897}.Release|Any CPU.Build.0 = Release|Any CPU
		{5D2CABCC-7165-4519-ADEB-4FC61A835351}.Debug|Any CPU.ActiveCfg = Debug|Any CPU
		{5D2CABCC-7165-4519-ADEB-4FC61A835351}.Debug|Any CPU.Build.0 = Debug|Any CPU
		{5D2CABCC-7165-4519-ADEB-4FC61A835351}.Release|Any CPU.ActiveCfg = Release|Any CPU
		{5D2CABCC-7165-4519-ADEB-4FC61A835351}.Release|Any CPU.Build.0 = Release|Any CPU
		{8D72DF4E-D904-4353-BBC5-141F3A563C4E}.Debug|Any CPU.ActiveCfg = Debug|Any CPU
		{8D72DF4E-D904-4353-BBC5-141F3A563C4E}.Debug|Any CPU.Build.0 = Debug|Any CPU
		{8D72DF4E-D904-4353-BBC5-141F3A563C4E}.Release|Any CPU.ActiveCfg = Release|Any CPU
		{8D72DF4E-D904-4353-BBC5-141F3A563C4E}.Release|Any CPU.Build.0 = Release|Any CPU
		{190E41B3-74A8-49F6-92D4-B82A866716BE}.Debug|Any CPU.ActiveCfg = Debug|Any CPU
		{190E41B3-74A8-49F6-92D4-B82A866716BE}.Debug|Any CPU.Build.0 = Debug|Any CPU
		{190E41B3-74A8-49F6-92D4-B82A866716BE}.Release|Any CPU.ActiveCfg = Release|Any CPU
		{190E41B3-74A8-49F6-92D4-B82A866716BE}.Release|Any CPU.Build.0 = Release|Any CPU
	EndGlobalSection
	GlobalSection(SolutionProperties) = preSolution
		HideSolutionNode = FALSE
	EndGlobalSection
EndGlobal
