
Microsoft Visual Studio Solution File, Format Version 12.00
# Visual Studio 14
VisualStudioVersion = 14.0.25420.1
MinimumVisualStudioVersion = 10.0.40219.1
Project("{FAE04EC0-301F-11D3-BF4B-00C04F79EFBC}") = "TimeTable", "TimeTable\TimeTable.csproj", "{E8896625-8588-449D-A246-0DA9E04122CE}"
	ProjectSection(ProjectDependencies) = postProject
		{A3477D30-7F75-46AE-97F2-6F316E310DB7} = {A3477D30-7F75-46AE-97F2-6F316E310DB7}
	EndProjectSection
EndProject
Project("{FAE04EC0-301F-11D3-BF4B-00C04F79EFBC}") = "Common", "Common\Common.csproj", "{356921DE-116D-48DB-9613-5D0395420897}"
EndProject
Project("{FAE04EC0-301F-11D3-BF4B-00C04F79EFBC}") = "HighSchool", "HighSchool\HighSchool.csproj", "{5D2CABCC-7165-4519-ADEB-4FC61A835351}"
EndProject
Project("{FAE04EC0-301F-11D3-BF4B-00C04F79EFBC}") = "Domain", "Domain\Domain.csproj", "{8D72DF4E-D904-4353-BBC5-141F3A563C4E}"
EndProject
Project("{FAE04EC0-301F-11D3-BF4B-00C04F79EFBC}") = "DataService", "DataService\DataService.csproj", "{190E41B3-74A8-49F6-92D4-B82A866716BE}"
EndProject
Project("{FAE04EC0-301F-11D3-BF4B-00C04F79EFBC}") = "CommonControl", "CommonControl\CommonControl.csproj", "{9211AD9C-2D70-424C-96F5-DD0518985E37}"
EndProject
Project("{FAE04EC0-301F-11D3-BF4B-00C04F79EFBC}") = "Faculty", "Faculty\Faculty.csproj", "{A41D3E06-2AF6-4B2A-816D-31BB79F1D06D}"
EndProject
Project("{FAE04EC0-301F-11D3-BF4B-00C04F79EFBC}") = "Specialty", "Specialty\Specialty.csproj", "{7D82E9B0-79A5-4584-941E-104CD0217473}"
EndProject
Project("{FAE04EC0-301F-11D3-BF4B-00C04F79EFBC}") = "Chair", "Chair\Chair.csproj", "{6B5076E9-A097-4132-ACFE-589EBA03F5BB}"
EndProject
Project("{FAE04EC0-301F-11D3-BF4B-00C04F79EFBC}") = "Specialization", "Specialization\Specialization.csproj", "{4F02E31A-B9CA-43ED-8DFD-41EB1CA49106}"
EndProject
Project("{FAE04EC0-301F-11D3-BF4B-00C04F79EFBC}") = "Employee", "Employee\Employee.csproj", "{A3477D30-7F75-46AE-97F2-6F316E310DB7}"
EndProject
Global
	GlobalSection(SolutionConfigurationPlatforms) = preSolution
		Debug|Any CPU = Debug|Any CPU
		Release|Any CPU = Release|Any CPU
	EndGlobalSection
	GlobalSection(ProjectConfigurationPlatforms) = postSolution
		{E8896625-8588-449D-A246-0DA9E04122CE}.Debug|Any CPU.ActiveCfg = Debug|Any CPU
		{E8896625-8588-449D-A246-0DA9E04122CE}.Debug|Any CPU.Build.0 = Debug|Any CPU
		{E8896625-8588-449D-A246-0DA9E04122CE}.Release|Any CPU.ActiveCfg = Release|Any CPU
		{E8896625-8588-449D-A246-0DA9E04122CE}.Release|Any CPU.Build.0 = Release|Any CPU
		{356921DE-116D-48DB-9613-5D0395420897}.Debug|Any CPU.ActiveCfg = Debug|Any CPU
		{356921DE-116D-48DB-9613-5D0395420897}.Debug|Any CPU.Build.0 = Debug|Any CPU
		{356921DE-116D-48DB-9613-5D0395420897}.Release|Any CPU.ActiveCfg = Release|Any CPU
		{356921DE-116D-48DB-9613-5D0395420897}.Release|Any CPU.Build.0 = Release|Any CPU
		{5D2CABCC-7165-4519-ADEB-4FC61A835351}.Debug|Any CPU.ActiveCfg = Debug|Any CPU
		{5D2CABCC-7165-4519-ADEB-4FC61A835351}.Debug|Any CPU.Build.0 = Debug|Any CPU
		{5D2CABCC-7165-4519-ADEB-4FC61A835351}.Release|Any CPU.ActiveCfg = Release|Any CPU
		{5D2CABCC-7165-4519-ADEB-4FC61A835351}.Release|Any CPU.Build.0 = Release|Any CPU
		{8D72DF4E-D904-4353-BBC5-141F3A563C4E}.Debug|Any CPU.ActiveCfg = Debug|Any CPU
		{8D72DF4E-D904-4353-BBC5-141F3A563C4E}.Debug|Any CPU.Build.0 = Debug|Any CPU
		{8D72DF4E-D904-4353-BBC5-141F3A563C4E}.Release|Any CPU.ActiveCfg = Release|Any CPU
		{8D72DF4E-D904-4353-BBC5-141F3A563C4E}.Release|Any CPU.Build.0 = Release|Any CPU
		{190E41B3-74A8-49F6-92D4-B82A866716BE}.Debug|Any CPU.ActiveCfg = Debug|Any CPU
		{190E41B3-74A8-49F6-92D4-B82A866716BE}.Debug|Any CPU.Build.0 = Debug|Any CPU
		{190E41B3-74A8-49F6-92D4-B82A866716BE}.Release|Any CPU.ActiveCfg = Release|Any CPU
		{190E41B3-74A8-49F6-92D4-B82A866716BE}.Release|Any CPU.Build.0 = Release|Any CPU
		{9211AD9C-2D70-424C-96F5-DD0518985E37}.Debug|Any CPU.ActiveCfg = Debug|Any CPU
		{9211AD9C-2D70-424C-96F5-DD0518985E37}.Debug|Any CPU.Build.0 = Debug|Any CPU
		{9211AD9C-2D70-424C-96F5-DD0518985E37}.Release|Any CPU.ActiveCfg = Release|Any CPU
		{9211AD9C-2D70-424C-96F5-DD0518985E37}.Release|Any CPU.Build.0 = Release|Any CPU
		{A41D3E06-2AF6-4B2A-816D-31BB79F1D06D}.Debug|Any CPU.ActiveCfg = Debug|Any CPU
		{A41D3E06-2AF6-4B2A-816D-31BB79F1D06D}.Debug|Any CPU.Build.0 = Debug|Any CPU
		{A41D3E06-2AF6-4B2A-816D-31BB79F1D06D}.Release|Any CPU.ActiveCfg = Release|Any CPU
		{A41D3E06-2AF6-4B2A-816D-31BB79F1D06D}.Release|Any CPU.Build.0 = Release|Any CPU
		{7D82E9B0-79A5-4584-941E-104CD0217473}.Debug|Any CPU.ActiveCfg = Debug|Any CPU
		{7D82E9B0-79A5-4584-941E-104CD0217473}.Debug|Any CPU.Build.0 = Debug|Any CPU
		{7D82E9B0-79A5-4584-941E-104CD0217473}.Release|Any CPU.ActiveCfg = Release|Any CPU
		{7D82E9B0-79A5-4584-941E-104CD0217473}.Release|Any CPU.Build.0 = Release|Any CPU
		{6B5076E9-A097-4132-ACFE-589EBA03F5BB}.Debug|Any CPU.ActiveCfg = Debug|Any CPU
		{6B5076E9-A097-4132-ACFE-589EBA03F5BB}.Debug|Any CPU.Build.0 = Debug|Any CPU
		{6B5076E9-A097-4132-ACFE-589EBA03F5BB}.Release|Any CPU.ActiveCfg = Release|Any CPU
		{6B5076E9-A097-4132-ACFE-589EBA03F5BB}.Release|Any CPU.Build.0 = Release|Any CPU
		{4F02E31A-B9CA-43ED-8DFD-41EB1CA49106}.Debug|Any CPU.ActiveCfg = Debug|Any CPU
		{4F02E31A-B9CA-43ED-8DFD-41EB1CA49106}.Debug|Any CPU.Build.0 = Debug|Any CPU
		{4F02E31A-B9CA-43ED-8DFD-41EB1CA49106}.Release|Any CPU.ActiveCfg = Release|Any CPU
		{4F02E31A-B9CA-43ED-8DFD-41EB1CA49106}.Release|Any CPU.Build.0 = Release|Any CPU
		{A3477D30-7F75-46AE-97F2-6F316E310DB7}.Debug|Any CPU.ActiveCfg = Debug|Any CPU
		{A3477D30-7F75-46AE-97F2-6F316E310DB7}.Debug|Any CPU.Build.0 = Debug|Any CPU
		{A3477D30-7F75-46AE-97F2-6F316E310DB7}.Release|Any CPU.ActiveCfg = Release|Any CPU
		{A3477D30-7F75-46AE-97F2-6F316E310DB7}.Release|Any CPU.Build.0 = Release|Any CPU
	EndGlobalSection
	GlobalSection(SolutionProperties) = preSolution
		HideSolutionNode = FALSE
	EndGlobalSection
EndGlobal
